// !$*UTF8*$!
{
	archiveVersion = 1;
	classes = {
	};
	objectVersion = 46;
	objects = {

/* Begin PBXBuildFile section */
		90C7B47B1E0FA9B80039B030 /* main.m in Sources */ = {isa = PBXBuildFile; fileRef = 90C7B47A1E0FA9B80039B030 /* main.m */; };
		90C7B47E1E0FA9B80039B030 /* AppDelegate.m in Sources */ = {isa = PBXBuildFile; fileRef = 90C7B47D1E0FA9B80039B030 /* AppDelegate.m */; };
		90C7B4811E0FA9B80039B030 /* ViewController.m in Sources */ = {isa = PBXBuildFile; fileRef = 90C7B4801E0FA9B80039B030 /* ViewController.m */; };
		90C7B4841E0FA9B80039B030 /* Main.storyboard in Resources */ = {isa = PBXBuildFile; fileRef = 90C7B4821E0FA9B80039B030 /* Main.storyboard */; };
		90C7B4861E0FA9B80039B030 /* Assets.xcassets in Resources */ = {isa = PBXBuildFile; fileRef = 90C7B4851E0FA9B80039B030 /* Assets.xcassets */; };
		90C7B4891E0FA9B80039B030 /* LaunchScreen.storyboard in Resources */ = {isa = PBXBuildFile; fileRef = 90C7B4871E0FA9B80039B030 /* LaunchScreen.storyboard */; };
		90C7B4941E0FA9B80039B030 /* TAGoodsDetailBusinessCategoryTests.m in Sources */ = {isa = PBXBuildFile; fileRef = 90C7B4931E0FA9B80039B030 /* TAGoodsDetailBusinessCategoryTests.m */; };
		90C7B49F1E0FA9B80039B030 /* TAGoodsDetailBusinessCategoryUITests.m in Sources */ = {isa = PBXBuildFile; fileRef = 90C7B49E1E0FA9B80039B030 /* TAGoodsDetailBusinessCategoryUITests.m */; };
		90C7B5371E0FBEE20039B030 /* CTMediator+TAGoodsDetail.m in Sources */ = {isa = PBXBuildFile; fileRef = 90C7B5361E0FBEE20039B030 /* CTMediator+TAGoodsDetail.m */; };
		BF04D75DA06DA04DDE5F4245 /* libPods-TAGoodsDetailBusinessCategoryTests.a in Frameworks */ = {isa = PBXBuildFile; fileRef = BB94E288F8D90B8A4E106C63 /* libPods-TAGoodsDetailBusinessCategoryTests.a */; };
		D49CFACC1F6EF64B77D02AA2 /* libPods-TAGoodsDetailBusinessCategoryUITests.a in Frameworks */ = {isa = PBXBuildFile; fileRef = AF788C07CDA7C7D5EE8C7DCA /* libPods-TAGoodsDetailBusinessCategoryUITests.a */; };
		E8143F460E671A1A42FD8F57 /* libPods-TAGoodsDetailBusinessCategory.a in Frameworks */ = {isa = PBXBuildFile; fileRef = 44227DB3184C0E90006CB7FA /* libPods-TAGoodsDetailBusinessCategory.a */; };
/* End PBXBuildFile section */

/* Begin PBXContainerItemProxy section */
		90C7B4901E0FA9B80039B030 /* PBXContainerItemProxy */ = {
			isa = PBXContainerItemProxy;
			containerPortal = 90C7B46E1E0FA9B80039B030 /* Project object */;
			proxyType = 1;
			remoteGlobalIDString = 90C7B4751E0FA9B80039B030;
			remoteInfo = TAGoodsDetailBusinessCategory;
		};
		90C7B49B1E0FA9B80039B030 /* PBXContainerItemProxy */ = {
			isa = PBXContainerItemProxy;
			containerPortal = 90C7B46E1E0FA9B80039B030 /* Project object */;
			proxyType = 1;
			remoteGlobalIDString = 90C7B4751E0FA9B80039B030;
			remoteInfo = TAGoodsDetailBusinessCategory;
		};
/* End PBXContainerItemProxy section */

/* Begin PBXFileReference section */
		0347CC1FFE8697786111A0A3 /* Pods-TAGoodsDetailBusinessCategoryTests.debug.xcconfig */ = {isa = PBXFileReference; includeInIndex = 1; lastKnownFileType = text.xcconfig; name = "Pods-TAGoodsDetailBusinessCategoryTests.debug.xcconfig"; path = "Pods/Target Support Files/Pods-TAGoodsDetailBusinessCategoryTests/Pods-TAGoodsDetailBusinessCategoryTests.debug.xcconfig"; sourceTree = "<group>"; };
		44227DB3184C0E90006CB7FA /* libPods-TAGoodsDetailBusinessCategory.a */ = {isa = PBXFileReference; explicitFileType = archive.ar; includeInIndex = 0; path = "libPods-TAGoodsDetailBusinessCategory.a"; sourceTree = BUILT_PRODUCTS_DIR; };
		48BE67388435302A2B8FCFF9 /* Pods-TAGoodsDetailBusinessCategory.release.xcconfig */ = {isa = PBXFileReference; includeInIndex = 1; lastKnownFileType = text.xcconfig; name = "Pods-TAGoodsDetailBusinessCategory.release.xcconfig"; path = "Pods/Target Support Files/Pods-TAGoodsDetailBusinessCategory/Pods-TAGoodsDetailBusinessCategory.release.xcconfig"; sourceTree = "<group>"; };
		674AC3EBCB3E2CB441BD9B2C /* Pods-TAGoodsDetailBusinessCategory.debug.xcconfig */ = {isa = PBXFileReference; includeInIndex = 1; lastKnownFileType = text.xcconfig; name = "Pods-TAGoodsDetailBusinessCategory.debug.xcconfig"; path = "Pods/Target Support Files/Pods-TAGoodsDetailBusinessCategory/Pods-TAGoodsDetailBusinessCategory.debug.xcconfig"; sourceTree = "<group>"; };
		8BCDBCE5AEC47C80C711D2C2 /* Pods-TAGoodsDetailBusinessCategoryTests.release.xcconfig */ = {isa = PBXFileReference; includeInIndex = 1; lastKnownFileType = text.xcconfig; name = "Pods-TAGoodsDetailBusinessCategoryTests.release.xcconfig"; path = "Pods/Target Support Files/Pods-TAGoodsDetailBusinessCategoryTests/Pods-TAGoodsDetailBusinessCategoryTests.release.xcconfig"; sourceTree = "<group>"; };
		90C7B4761E0FA9B80039B030 /* TAGoodsDetailBusinessCategory.app */ = {isa = PBXFileReference; explicitFileType = wrapper.application; includeInIndex = 0; path = TAGoodsDetailBusinessCategory.app; sourceTree = BUILT_PRODUCTS_DIR; };
		90C7B47A1E0FA9B80039B030 /* main.m */ = {isa = PBXFileReference; lastKnownFileType = sourcecode.c.objc; path = main.m; sourceTree = "<group>"; };
		90C7B47C1E0FA9B80039B030 /* AppDelegate.h */ = {isa = PBXFileReference; lastKnownFileType = sourcecode.c.h; path = AppDelegate.h; sourceTree = "<group>"; };
		90C7B47D1E0FA9B80039B030 /* AppDelegate.m */ = {isa = PBXFileReference; lastKnownFileType = sourcecode.c.objc; path = AppDelegate.m; sourceTree = "<group>"; };
		90C7B47F1E0FA9B80039B030 /* ViewController.h */ = {isa = PBXFileReference; lastKnownFileType = sourcecode.c.h; path = ViewController.h; sourceTree = "<group>"; };
		90C7B4801E0FA9B80039B030 /* ViewController.m */ = {isa = PBXFileReference; lastKnownFileType = sourcecode.c.objc; path = ViewController.m; sourceTree = "<group>"; };
		90C7B4831E0FA9B80039B030 /* Base */ = {isa = PBXFileReference; lastKnownFileType = file.storyboard; name = Base; path = Base.lproj/Main.storyboard; sourceTree = "<group>"; };
		90C7B4851E0FA9B80039B030 /* Assets.xcassets */ = {isa = PBXFileReference; lastKnownFileType = folder.assetcatalog; path = Assets.xcassets; sourceTree = "<group>"; };
		90C7B4881E0FA9B80039B030 /* Base */ = {isa = PBXFileReference; lastKnownFileType = file.storyboard; name = Base; path = Base.lproj/LaunchScreen.storyboard; sourceTree = "<group>"; };
		90C7B48A1E0FA9B80039B030 /* Info.plist */ = {isa = PBXFileReference; lastKnownFileType = text.plist.xml; path = Info.plist; sourceTree = "<group>"; };
		90C7B48F1E0FA9B80039B030 /* TAGoodsDetailBusinessCategoryTests.xctest */ = {isa = PBXFileReference; explicitFileType = wrapper.cfbundle; includeInIndex = 0; path = TAGoodsDetailBusinessCategoryTests.xctest; sourceTree = BUILT_PRODUCTS_DIR; };
		90C7B4931E0FA9B80039B030 /* TAGoodsDetailBusinessCategoryTests.m */ = {isa = PBXFileReference; lastKnownFileType = sourcecode.c.objc; path = TAGoodsDetailBusinessCategoryTests.m; sourceTree = "<group>"; };
		90C7B4951E0FA9B80039B030 /* Info.plist */ = {isa = PBXFileReference; lastKnownFileType = text.plist.xml; path = Info.plist; sourceTree = "<group>"; };
		90C7B49A1E0FA9B80039B030 /* TAGoodsDetailBusinessCategoryUITests.xctest */ = {isa = PBXFileReference; explicitFileType = wrapper.cfbundle; includeInIndex = 0; path = TAGoodsDetailBusinessCategoryUITests.xctest; sourceTree = BUILT_PRODUCTS_DIR; };
		90C7B49E1E0FA9B80039B030 /* TAGoodsDetailBusinessCategoryUITests.m */ = {isa = PBXFileReference; lastKnownFileType = sourcecode.c.objc; path = TAGoodsDetailBusinessCategoryUITests.m; sourceTree = "<group>"; };
		90C7B4A01E0FA9B80039B030 /* Info.plist */ = {isa = PBXFileReference; lastKnownFileType = text.plist.xml; path = Info.plist; sourceTree = "<group>"; };
		90C7B5351E0FBEE20039B030 /* CTMediator+TAGoodsDetail.h */ = {isa = PBXFileReference; fileEncoding = 4; lastKnownFileType = sourcecode.c.h; path = "CTMediator+TAGoodsDetail.h"; sourceTree = "<group>"; };
		90C7B5361E0FBEE20039B030 /* CTMediator+TAGoodsDetail.m */ = {isa = PBXFileReference; fileEncoding = 4; lastKnownFileType = sourcecode.c.objc; path = "CTMediator+TAGoodsDetail.m"; sourceTree = "<group>"; };
		AF788C07CDA7C7D5EE8C7DCA /* libPods-TAGoodsDetailBusinessCategoryUITests.a */ = {isa = PBXFileReference; explicitFileType = archive.ar; includeInIndex = 0; path = "libPods-TAGoodsDetailBusinessCategoryUITests.a"; sourceTree = BUILT_PRODUCTS_DIR; };
		B981B6F9C9BBE5A5E66FF70C /* Pods-TAGoodsDetailBusinessCategoryUITests.debug.xcconfig */ = {isa = PBXFileReference; includeInIndex = 1; lastKnownFileType = text.xcconfig; name = "Pods-TAGoodsDetailBusinessCategoryUITests.debug.xcconfig"; path = "Pods/Target Support Files/Pods-TAGoodsDetailBusinessCategoryUITests/Pods-TAGoodsDetailBusinessCategoryUITests.debug.xcconfig"; sourceTree = "<group>"; };
		BB94E288F8D90B8A4E106C63 /* libPods-TAGoodsDetailBusinessCategoryTests.a */ = {isa = PBXFileReference; explicitFileType = archive.ar; includeInIndex = 0; path = "libPods-TAGoodsDetailBusinessCategoryTests.a"; sourceTree = BUILT_PRODUCTS_DIR; };
		C1F4DFD5D445F2CF6CD7FEC1 /* Pods-TAGoodsDetailBusinessCategoryUITests.release.xcconfig */ = {isa = PBXFileReference; includeInIndex = 1; lastKnownFileType = text.xcconfig; name = "Pods-TAGoodsDetailBusinessCategoryUITests.release.xcconfig"; path = "Pods/Target Support Files/Pods-TAGoodsDetailBusinessCategoryUITests/Pods-TAGoodsDetailBusinessCategoryUITests.release.xcconfig"; sourceTree = "<group>"; };
/* End PBXFileReference section */

/* Begin PBXFrameworksBuildPhase section */
		90C7B4731E0FA9B80039B030 /* Frameworks */ = {
			isa = PBXFrameworksBuildPhase;
			buildActionMask = 2147483647;
			files = (
				E8143F460E671A1A42FD8F57 /* libPods-TAGoodsDetailBusinessCategory.a in Frameworks */,
			);
			runOnlyForDeploymentPostprocessing = 0;
		};
		90C7B48C1E0FA9B80039B030 /* Frameworks */ = {
			isa = PBXFrameworksBuildPhase;
			buildActionMask = 2147483647;
			files = (
				BF04D75DA06DA04DDE5F4245 /* libPods-TAGoodsDetailBusinessCategoryTests.a in Frameworks */,
			);
			runOnlyForDeploymentPostprocessing = 0;
		};
		90C7B4971E0FA9B80039B030 /* Frameworks */ = {
			isa = PBXFrameworksBuildPhase;
			buildActionMask = 2147483647;
			files = (
				D49CFACC1F6EF64B77D02AA2 /* libPods-TAGoodsDetailBusinessCategoryUITests.a in Frameworks */,
			);
			runOnlyForDeploymentPostprocessing = 0;
		};
/* End PBXFrameworksBuildPhase section */

/* Begin PBXGroup section */
		90C7B46D1E0FA9B80039B030 = {
			isa = PBXGroup;
			children = (
				90C7B4781E0FA9B80039B030 /* TAGoodsDetailBusinessCategory */,
				90C7B4921E0FA9B80039B030 /* TAGoodsDetailBusinessCategoryTests */,
				90C7B49D1E0FA9B80039B030 /* TAGoodsDetailBusinessCategoryUITests */,
				90C7B4771E0FA9B80039B030 /* Products */,
				D2A2E72158DEE9A52DB975C7 /* Pods */,
				A4A0329E61EC84D39D66E7F4 /* Frameworks */,
			);
			sourceTree = "<group>";
		};
		90C7B4771E0FA9B80039B030 /* Products */ = {
			isa = PBXGroup;
			children = (
				90C7B4761E0FA9B80039B030 /* TAGoodsDetailBusinessCategory.app */,
				90C7B48F1E0FA9B80039B030 /* TAGoodsDetailBusinessCategoryTests.xctest */,
				90C7B49A1E0FA9B80039B030 /* TAGoodsDetailBusinessCategoryUITests.xctest */,
			);
			name = Products;
			sourceTree = "<group>";
		};
		90C7B4781E0FA9B80039B030 /* TAGoodsDetailBusinessCategory */ = {
			isa = PBXGroup;
			children = (
				90C7B4EB1E0FB9DE0039B030 /* TAGoodsDetailBusinessCategory */,
				90C7B47C1E0FA9B80039B030 /* AppDelegate.h */,
				90C7B47D1E0FA9B80039B030 /* AppDelegate.m */,
				90C7B47F1E0FA9B80039B030 /* ViewController.h */,
				90C7B4801E0FA9B80039B030 /* ViewController.m */,
				90C7B4821E0FA9B80039B030 /* Main.storyboard */,
				90C7B4851E0FA9B80039B030 /* Assets.xcassets */,
				90C7B4871E0FA9B80039B030 /* LaunchScreen.storyboard */,
				90C7B48A1E0FA9B80039B030 /* Info.plist */,
				90C7B4791E0FA9B80039B030 /* Supporting Files */,
			);
			path = TAGoodsDetailBusinessCategory;
			sourceTree = "<group>";
		};
		90C7B4791E0FA9B80039B030 /* Supporting Files */ = {
			isa = PBXGroup;
			children = (
				90C7B47A1E0FA9B80039B030 /* main.m */,
			);
			name = "Supporting Files";
			sourceTree = "<group>";
		};
		90C7B4921E0FA9B80039B030 /* TAGoodsDetailBusinessCategoryTests */ = {
			isa = PBXGroup;
			children = (
				90C7B4931E0FA9B80039B030 /* TAGoodsDetailBusinessCategoryTests.m */,
				90C7B4951E0FA9B80039B030 /* Info.plist */,
			);
			path = TAGoodsDetailBusinessCategoryTests;
			sourceTree = "<group>";
		};
		90C7B49D1E0FA9B80039B030 /* TAGoodsDetailBusinessCategoryUITests */ = {
			isa = PBXGroup;
			children = (
				90C7B49E1E0FA9B80039B030 /* TAGoodsDetailBusinessCategoryUITests.m */,
				90C7B4A01E0FA9B80039B030 /* Info.plist */,
			);
			path = TAGoodsDetailBusinessCategoryUITests;
			sourceTree = "<group>";
		};
		90C7B4EB1E0FB9DE0039B030 /* TAGoodsDetailBusinessCategory */ = {
			isa = PBXGroup;
			children = (
				90C7B5351E0FBEE20039B030 /* CTMediator+TAGoodsDetail.h */,
				90C7B5361E0FBEE20039B030 /* CTMediator+TAGoodsDetail.m */,
			);
			path = TAGoodsDetailBusinessCategory;
			sourceTree = "<group>";
		};
		A4A0329E61EC84D39D66E7F4 /* Frameworks */ = {
			isa = PBXGroup;
			children = (
				44227DB3184C0E90006CB7FA /* libPods-TAGoodsDetailBusinessCategory.a */,
				BB94E288F8D90B8A4E106C63 /* libPods-TAGoodsDetailBusinessCategoryTests.a */,
				AF788C07CDA7C7D5EE8C7DCA /* libPods-TAGoodsDetailBusinessCategoryUITests.a */,
			);
			name = Frameworks;
			sourceTree = "<group>";
		};
		D2A2E72158DEE9A52DB975C7 /* Pods */ = {
			isa = PBXGroup;
			children = (
				674AC3EBCB3E2CB441BD9B2C /* Pods-TAGoodsDetailBusinessCategory.debug.xcconfig */,
				48BE67388435302A2B8FCFF9 /* Pods-TAGoodsDetailBusinessCategory.release.xcconfig */,
				0347CC1FFE8697786111A0A3 /* Pods-TAGoodsDetailBusinessCategoryTests.debug.xcconfig */,
				8BCDBCE5AEC47C80C711D2C2 /* Pods-TAGoodsDetailBusinessCategoryTests.release.xcconfig */,
				B981B6F9C9BBE5A5E66FF70C /* Pods-TAGoodsDetailBusinessCategoryUITests.debug.xcconfig */,
				C1F4DFD5D445F2CF6CD7FEC1 /* Pods-TAGoodsDetailBusinessCategoryUITests.release.xcconfig */,
			);
			name = Pods;
			sourceTree = "<group>";
		};
/* End PBXGroup section */

/* Begin PBXNativeTarget section */
		90C7B4751E0FA9B80039B030 /* TAGoodsDetailBusinessCategory */ = {
			isa = PBXNativeTarget;
			buildConfigurationList = 90C7B4A31E0FA9B80039B030 /* Build configuration list for PBXNativeTarget "TAGoodsDetailBusinessCategory" */;
			buildPhases = (
				21671474D0229CBD26F78C5E /* [CP] Check Pods Manifest.lock */,
				90C7B4721E0FA9B80039B030 /* Sources */,
				90C7B4731E0FA9B80039B030 /* Frameworks */,
				90C7B4741E0FA9B80039B030 /* Resources */,
				BFBD87D6C6B9C7410A9F651C /* [CP] Embed Pods Frameworks */,
				D7E79AC9DFB3E0ADF802E05E /* [CP] Copy Pods Resources */,
			);
			buildRules = (
			);
			dependencies = (
			);
			name = TAGoodsDetailBusinessCategory;
			productName = TAGoodsDetailBusinessCategory;
			productReference = 90C7B4761E0FA9B80039B030 /* TAGoodsDetailBusinessCategory.app */;
			productType = "com.apple.product-type.application";
		};
		90C7B48E1E0FA9B80039B030 /* TAGoodsDetailBusinessCategoryTests */ = {
			isa = PBXNativeTarget;
			buildConfigurationList = 90C7B4A61E0FA9B80039B030 /* Build configuration list for PBXNativeTarget "TAGoodsDetailBusinessCategoryTests" */;
			buildPhases = (
				C0607ECA99AE4E6FDF53610E /* [CP] Check Pods Manifest.lock */,
				90C7B48B1E0FA9B80039B030 /* Sources */,
				90C7B48C1E0FA9B80039B030 /* Frameworks */,
				90C7B48D1E0FA9B80039B030 /* Resources */,
				B48B2B5894554733276E4C5D /* [CP] Embed Pods Frameworks */,
				A43547E047F7FA4D7B340CEE /* [CP] Copy Pods Resources */,
			);
			buildRules = (
			);
			dependencies = (
				90C7B4911E0FA9B80039B030 /* PBXTargetDependency */,
			);
			name = TAGoodsDetailBusinessCategoryTests;
			productName = TAGoodsDetailBusinessCategoryTests;
			productReference = 90C7B48F1E0FA9B80039B030 /* TAGoodsDetailBusinessCategoryTests.xctest */;
			productType = "com.apple.product-type.bundle.unit-test";
		};
		90C7B4991E0FA9B80039B030 /* TAGoodsDetailBusinessCategoryUITests */ = {
			isa = PBXNativeTarget;
			buildConfigurationList = 90C7B4A91E0FA9B80039B030 /* Build configuration list for PBXNativeTarget "TAGoodsDetailBusinessCategoryUITests" */;
			buildPhases = (
				85778958764937852D726364 /* [CP] Check Pods Manifest.lock */,
				90C7B4961E0FA9B80039B030 /* Sources */,
				90C7B4971E0FA9B80039B030 /* Frameworks */,
				90C7B4981E0FA9B80039B030 /* Resources */,
				11EA137FF1A9497E98658E2E /* [CP] Embed Pods Frameworks */,
				9F2B37D603E137CCB819287C /* [CP] Copy Pods Resources */,
			);
			buildRules = (
			);
			dependencies = (
				90C7B49C1E0FA9B80039B030 /* PBXTargetDependency */,
			);
			name = TAGoodsDetailBusinessCategoryUITests;
			productName = TAGoodsDetailBusinessCategoryUITests;
			productReference = 90C7B49A1E0FA9B80039B030 /* TAGoodsDetailBusinessCategoryUITests.xctest */;
			productType = "com.apple.product-type.bundle.ui-testing";
		};
/* End PBXNativeTarget section */

/* Begin PBXProject section */
		90C7B46E1E0FA9B80039B030 /* Project object */ = {
			isa = PBXProject;
			attributes = {
				LastUpgradeCheck = 0820;
				ORGANIZATIONNAME = Charon;
				TargetAttributes = {
					90C7B4751E0FA9B80039B030 = {
						CreatedOnToolsVersion = 8.2.1;
						ProvisioningStyle = Automatic;
					};
					90C7B48E1E0FA9B80039B030 = {
						CreatedOnToolsVersion = 8.2.1;
						ProvisioningStyle = Automatic;
						TestTargetID = 90C7B4751E0FA9B80039B030;
					};
					90C7B4991E0FA9B80039B030 = {
						CreatedOnToolsVersion = 8.2.1;
						ProvisioningStyle = Automatic;
						TestTargetID = 90C7B4751E0FA9B80039B030;
					};
				};
			};
			buildConfigurationList = 90C7B4711E0FA9B80039B030 /* Build configuration list for PBXProject "TAGoodsDetailBusinessCategory" */;
			compatibilityVersion = "Xcode 3.2";
			developmentRegion = English;
			hasScannedForEncodings = 0;
			knownRegions = (
				en,
				Base,
			);
			mainGroup = 90C7B46D1E0FA9B80039B030;
			productRefGroup = 90C7B4771E0FA9B80039B030 /* Products */;
			projectDirPath = "";
			projectRoot = "";
			targets = (
				90C7B4751E0FA9B80039B030 /* TAGoodsDetailBusinessCategory */,
				90C7B48E1E0FA9B80039B030 /* TAGoodsDetailBusinessCategoryTests */,
				90C7B4991E0FA9B80039B030 /* TAGoodsDetailBusinessCategoryUITests */,
			);
		};
/* End PBXProject section */

/* Begin PBXResourcesBuildPhase section */
		90C7B4741E0FA9B80039B030 /* Resources */ = {
			isa = PBXResourcesBuildPhase;
			buildActionMask = 2147483647;
			files = (
				90C7B4891E0FA9B80039B030 /* LaunchScreen.storyboard in Resources */,
				90C7B4861E0FA9B80039B030 /* Assets.xcassets in Resources */,
				90C7B4841E0FA9B80039B030 /* Main.storyboard in Resources */,
			);
			runOnlyForDeploymentPostprocessing = 0;
		};
		90C7B48D1E0FA9B80039B030 /* Resources */ = {
			isa = PBXResourcesBuildPhase;
			buildActionMask = 2147483647;
			files = (
			);
			runOnlyForDeploymentPostprocessing = 0;
		};
		90C7B4981E0FA9B80039B030 /* Resources */ = {
			isa = PBXResourcesBuildPhase;
			buildActionMask = 2147483647;
			files = (
			);
			runOnlyForDeploymentPostprocessing = 0;
		};
/* End PBXResourcesBuildPhase section */

/* Begin PBXShellScriptBuildPhase section */
		11EA137FF1A9497E98658E2E /* [CP] Embed Pods Frameworks */ = {
			isa = PBXShellScriptBuildPhase;
			buildActionMask = 2147483647;
			files = (
			);
			inputPaths = (
			);
			name = "[CP] Embed Pods Frameworks";
			outputPaths = (
			);
			runOnlyForDeploymentPostprocessing = 0;
			shellPath = /bin/sh;
			shellScript = "\"${SRCROOT}/Pods/Target Support Files/Pods-TAGoodsDetailBusinessCategoryUITests/Pods-TAGoodsDetailBusinessCategoryUITests-frameworks.sh\"\n";
			showEnvVarsInLog = 0;
		};
		21671474D0229CBD26F78C5E /* [CP] Check Pods Manifest.lock */ = {
			isa = PBXShellScriptBuildPhase;
			buildActionMask = 2147483647;
			files = (
			);
			inputPaths = (
			);
			name = "[CP] Check Pods Manifest.lock";
			outputPaths = (
			);
			runOnlyForDeploymentPostprocessing = 0;
			shellPath = /bin/sh;
			shellScript = "diff \"${PODS_ROOT}/../Podfile.lock\" \"${PODS_ROOT}/Manifest.lock\" > /dev/null\nif [ $? != 0 ] ; then\n    # print error to STDERR\n    echo \"error: The sandbox is not in sync with the Podfile.lock. Run 'pod install' or update your CocoaPods installation.\" >&2\n    exit 1\nfi\n";
			showEnvVarsInLog = 0;
		};
		85778958764937852D726364 /* [CP] Check Pods Manifest.lock */ = {
			isa = PBXShellScriptBuildPhase;
			buildActionMask = 2147483647;
			files = (
			);
			inputPaths = (
			);
			name = "[CP] Check Pods Manifest.lock";
			outputPaths = (
			);
			runOnlyForDeploymentPostprocessing = 0;
			shellPath = /bin/sh;
			shellScript = "diff \"${PODS_ROOT}/../Podfile.lock\" \"${PODS_ROOT}/Manifest.lock\" > /dev/null\nif [ $? != 0 ] ; then\n    # print error to STDERR\n    echo \"error: The sandbox is not in sync with the Podfile.lock. Run 'pod install' or update your CocoaPods installation.\" >&2\n    exit 1\nfi\n";
			showEnvVarsInLog = 0;
		};
		9F2B37D603E137CCB819287C /* [CP] Copy Pods Resources */ = {
			isa = PBXShellScriptBuildPhase;
			buildActionMask = 2147483647;
			files = (
			);
			inputPaths = (
			);
			name = "[CP] Copy Pods Resources";
			outputPaths = (
			);
			runOnlyForDeploymentPostprocessing = 0;
			shellPath = /bin/sh;
			shellScript = "\"${SRCROOT}/Pods/Target Support Files/Pods-TAGoodsDetailBusinessCategoryUITests/Pods-TAGoodsDetailBusinessCategoryUITests-resources.sh\"\n";
			showEnvVarsInLog = 0;
		};
		A43547E047F7FA4D7B340CEE /* [CP] Copy Pods Resources */ = {
			isa = PBXShellScriptBuildPhase;
			buildActionMask = 2147483647;
			files = (
			);
			inputPaths = (
			);
			name = "[CP] Copy Pods Resources";
			outputPaths = (
			);
			runOnlyForDeploymentPostprocessing = 0;
			shellPath = /bin/sh;
			shellScript = "\"${SRCROOT}/Pods/Target Support Files/Pods-TAGoodsDetailBusinessCategoryTests/Pods-TAGoodsDetailBusinessCategoryTests-resources.sh\"\n";
			showEnvVarsInLog = 0;
		};
		B48B2B5894554733276E4C5D /* [CP] Embed Pods Frameworks */ = {
			isa = PBXShellScriptBuildPhase;
			buildActionMask = 2147483647;
			files = (
			);
			inputPaths = (
			);
			name = "[CP] Embed Pods Frameworks";
			outputPaths = (
			);
			runOnlyForDeploymentPostprocessing = 0;
			shellPath = /bin/sh;
			shellScript = "\"${SRCROOT}/Pods/Target Support Files/Pods-TAGoodsDetailBusinessCategoryTests/Pods-TAGoodsDetailBusinessCategoryTests-frameworks.sh\"\n";
			showEnvVarsInLog = 0;
		};
		BFBD87D6C6B9C7410A9F651C /* [CP] Embed Pods Frameworks */ = {
			isa = PBXShellScriptBuildPhase;
			buildActionMask = 2147483647;
			files = (
			);
			inputPaths = (
			);
			name = "[CP] Embed Pods Frameworks";
			outputPaths = (
			);
			runOnlyForDeploymentPostprocessing = 0;
			shellPath = /bin/sh;
			shellScript = "\"${SRCROOT}/Pods/Target Support Files/Pods-TAGoodsDetailBusinessCategory/Pods-TAGoodsDetailBusinessCategory-frameworks.sh\"\n";
			showEnvVarsInLog = 0;
		};
		C0607ECA99AE4E6FDF53610E /* [CP] Check Pods Manifest.lock */ = {
			isa = PBXShellScriptBuildPhase;
			buildActionMask = 2147483647;
			files = (
			);
			inputPaths = (
			);
			name = "[CP] Check Pods Manifest.lock";
			outputPaths = (
			);
			runOnlyForDeploymentPostprocessing = 0;
			shellPath = /bin/sh;
			shellScript = "diff \"${PODS_ROOT}/../Podfile.lock\" \"${PODS_ROOT}/Manifest.lock\" > /dev/null\nif [ $? != 0 ] ; then\n    # print error to STDERR\n    echo \"error: The sandbox is not in sync with the Podfile.lock. Run 'pod install' or update your CocoaPods installation.\" >&2\n    exit 1\nfi\n";
			showEnvVarsInLog = 0;
		};
		D7E79AC9DFB3E0ADF802E05E /* [CP] Copy Pods Resources */ = {
			isa = PBXShellScriptBuildPhase;
			buildActionMask = 2147483647;
			files = (
			);
			inputPaths = (
			);
			name = "[CP] Copy Pods Resources";
			outputPaths = (
			);
			runOnlyForDeploymentPostprocessing = 0;
			shellPath = /bin/sh;
			shellScript = "\"${SRCROOT}/Pods/Target Support Files/Pods-TAGoodsDetailBusinessCategory/Pods-TAGoodsDetailBusinessCategory-resources.sh\"\n";
			showEnvVarsInLog = 0;
		};
/* End PBXShellScriptBuildPhase section */

/* Begin PBXSourcesBuildPhase section */
		90C7B4721E0FA9B80039B030 /* Sources */ = {
			isa = PBXSourcesBuildPhase;
			buildActionMask = 2147483647;
			files = (
				90C7B5371E0FBEE20039B030 /* CTMediator+TAGoodsDetail.m in Sources */,
				90C7B4811E0FA9B80039B030 /* ViewController.m in Sources */,
				90C7B47E1E0FA9B80039B030 /* AppDelegate.m in Sources */,
				90C7B47B1E0FA9B80039B030 /* main.m in Sources */,
			);
			runOnlyForDeploymentPostprocessing = 0;
		};
		90C7B48B1E0FA9B80039B030 /* Sources */ = {
			isa = PBXSourcesBuildPhase;
			buildActionMask = 2147483647;
			files = (
				90C7B4941E0FA9B80039B030 /* TAGoodsDetailBusinessCategoryTests.m in Sources */,
			);
			runOnlyForDeploymentPostprocessing = 0;
		};
		90C7B4961E0FA9B80039B030 /* Sources */ = {
			isa = PBXSourcesBuildPhase;
			buildActionMask = 2147483647;
			files = (
				90C7B49F1E0FA9B80039B030 /* TAGoodsDetailBusinessCategoryUITests.m in Sources */,
			);
			runOnlyForDeploymentPostprocessing = 0;
		};
/* End PBXSourcesBuildPhase section */

/* Begin PBXTargetDependency section */
		90C7B4911E0FA9B80039B030 /* PBXTargetDependency */ = {
			isa = PBXTargetDependency;
			target = 90C7B4751E0FA9B80039B030 /* TAGoodsDetailBusinessCategory */;
			targetProxy = 90C7B4901E0FA9B80039B030 /* PBXContainerItemProxy */;
		};
		90C7B49C1E0FA9B80039B030 /* PBXTargetDependency */ = {
			isa = PBXTargetDependency;
			target = 90C7B4751E0FA9B80039B030 /* TAGoodsDetailBusinessCategory */;
			targetProxy = 90C7B49B1E0FA9B80039B030 /* PBXContainerItemProxy */;
		};
/* End PBXTargetDependency section */

/* Begin PBXVariantGroup section */
		90C7B4821E0FA9B80039B030 /* Main.storyboard */ = {
			isa = PBXVariantGroup;
			children = (
				90C7B4831E0FA9B80039B030 /* Base */,
			);
			name = Main.storyboard;
			sourceTree = "<group>";
		};
		90C7B4871E0FA9B80039B030 /* LaunchScreen.storyboard */ = {
			isa = PBXVariantGroup;
			children = (
				90C7B4881E0FA9B80039B030 /* Base */,
			);
			name = LaunchScreen.storyboard;
			sourceTree = "<group>";
		};
/* End PBXVariantGroup section */

/* Begin XCBuildConfiguration section */
		90C7B4A11E0FA9B80039B030 /* Debug */ = {
			isa = XCBuildConfiguration;
			buildSettings = {
				ALWAYS_SEARCH_USER_PATHS = NO;
				CLANG_ANALYZER_NONNULL = YES;
				CLANG_CXX_LANGUAGE_STANDARD = "gnu++0x";
				CLANG_CXX_LIBRARY = "libc++";
				CLANG_ENABLE_MODULES = YES;
				CLANG_ENABLE_OBJC_ARC = YES;
				CLANG_WARN_BOOL_CONVERSION = YES;
				CLANG_WARN_CONSTANT_CONVERSION = YES;
				CLANG_WARN_DIRECT_OBJC_ISA_USAGE = YES_ERROR;
				CLANG_WARN_DOCUMENTATION_COMMENTS = YES;
				CLANG_WARN_EMPTY_BODY = YES;
				CLANG_WARN_ENUM_CONVERSION = YES;
				CLANG_WARN_INFINITE_RECURSION = YES;
				CLANG_WARN_INT_CONVERSION = YES;
				CLANG_WARN_OBJC_ROOT_CLASS = YES_ERROR;
				CLANG_WARN_SUSPICIOUS_MOVE = YES;
				CLANG_WARN_UNREACHABLE_CODE = YES;
				CLANG_WARN__DUPLICATE_METHOD_MATCH = YES;
				"CODE_SIGN_IDENTITY[sdk=iphoneos*]" = "iPhone Developer";
				COPY_PHASE_STRIP = NO;
				DEBUG_INFORMATION_FORMAT = dwarf;
				ENABLE_STRICT_OBJC_MSGSEND = YES;
				ENABLE_TESTABILITY = YES;
				GCC_C_LANGUAGE_STANDARD = gnu99;
				GCC_DYNAMIC_NO_PIC = NO;
				GCC_NO_COMMON_BLOCKS = YES;
				GCC_OPTIMIZATION_LEVEL = 0;
				GCC_PREPROCESSOR_DEFINITIONS = (
					"DEBUG=1",
					"$(inherited)",
				);
				GCC_WARN_64_TO_32_BIT_CONVERSION = YES;
				GCC_WARN_ABOUT_RETURN_TYPE = YES_ERROR;
				GCC_WARN_UNDECLARED_SELECTOR = YES;
				GCC_WARN_UNINITIALIZED_AUTOS = YES_AGGRESSIVE;
				GCC_WARN_UNUSED_FUNCTION = YES;
				GCC_WARN_UNUSED_VARIABLE = YES;
				IPHONEOS_DEPLOYMENT_TARGET = 10.2;
				MTL_ENABLE_DEBUG_INFO = YES;
				ONLY_ACTIVE_ARCH = YES;
				SDKROOT = iphoneos;
			};
			name = Debug;
		};
		90C7B4A21E0FA9B80039B030 /* Release */ = {
			isa = XCBuildConfiguration;
			buildSettings = {
				ALWAYS_SEARCH_USER_PATHS = NO;
				CLANG_ANALYZER_NONNULL = YES;
				CLANG_CXX_LANGUAGE_STANDARD = "gnu++0x";
				CLANG_CXX_LIBRARY = "libc++";
				CLANG_ENABLE_MODULES = YES;
				CLANG_ENABLE_OBJC_ARC = YES;
				CLANG_WARN_BOOL_CONVERSION = YES;
				CLANG_WARN_CONSTANT_CONVERSION = YES;
				CLANG_WARN_DIRECT_OBJC_ISA_USAGE = YES_ERROR;
				CLANG_WARN_DOCUMENTATION_COMMENTS = YES;
				CLANG_WARN_EMPTY_BODY = YES;
				CLANG_WARN_ENUM_CONVERSION = YES;
				CLANG_WARN_INFINITE_RECURSION = YES;
				CLANG_WARN_INT_CONVERSION = YES;
				CLANG_WARN_OBJC_ROOT_CLASS = YES_ERROR;
				CLANG_WARN_SUSPICIOUS_MOVE = YES;
				CLANG_WARN_UNREACHABLE_CODE = YES;
				CLANG_WARN__DUPLICATE_METHOD_MATCH = YES;
				"CODE_SIGN_IDENTITY[sdk=iphoneos*]" = "iPhone Developer";
				COPY_PHASE_STRIP = NO;
				DEBUG_INFORMATION_FORMAT = "dwarf-with-dsym";
				ENABLE_NS_ASSERTIONS = NO;
				ENABLE_STRICT_OBJC_MSGSEND = YES;
				GCC_C_LANGUAGE_STANDARD = gnu99;
				GCC_NO_COMMON_BLOCKS = YES;
				GCC_WARN_64_TO_32_BIT_CONVERSION = YES;
				GCC_WARN_ABOUT_RETURN_TYPE = YES_ERROR;
				GCC_WARN_UNDECLARED_SELECTOR = YES;
				GCC_WARN_UNINITIALIZED_AUTOS = YES_AGGRESSIVE;
				GCC_WARN_UNUSED_FUNCTION = YES;
				GCC_WARN_UNUSED_VARIABLE = YES;
				IPHONEOS_DEPLOYMENT_TARGET = 10.2;
				MTL_ENABLE_DEBUG_INFO = NO;
				SDKROOT = iphoneos;
				VALIDATE_PRODUCT = YES;
			};
			name = Release;
		};
		90C7B4A41E0FA9B80039B030 /* Debug */ = {
			isa = XCBuildConfiguration;
			baseConfigurationReference = 674AC3EBCB3E2CB441BD9B2C /* Pods-TAGoodsDetailBusinessCategory.debug.xcconfig */;
			buildSettings = {
				ASSETCATALOG_COMPILER_APPICON_NAME = AppIcon;
				INFOPLIST_FILE = TAGoodsDetailBusinessCategory/Info.plist;
				LD_RUNPATH_SEARCH_PATHS = "$(inherited) @executable_path/Frameworks";
				PRODUCT_BUNDLE_IDENTIFIER = BS.TAGoodsDetailBusinessCategory;
				PRODUCT_NAME = "$(TARGET_NAME)";
			};
			name = Debug;
		};
		90C7B4A51E0FA9B80039B030 /* Release */ = {
			isa = XCBuildConfiguration;
			baseConfigurationReference = 48BE67388435302A2B8FCFF9 /* Pods-TAGoodsDetailBusinessCategory.release.xcconfig */;
			buildSettings = {
				ASSETCATALOG_COMPILER_APPICON_NAME = AppIcon;
				INFOPLIST_FILE = TAGoodsDetailBusinessCategory/Info.plist;
				LD_RUNPATH_SEARCH_PATHS = "$(inherited) @executable_path/Frameworks";
				PRODUCT_BUNDLE_IDENTIFIER = BS.TAGoodsDetailBusinessCategory;
				PRODUCT_NAME = "$(TARGET_NAME)";
			};
			name = Release;
		};
		90C7B4A71E0FA9B80039B030 /* Debug */ = {
			isa = XCBuildConfiguration;
			baseConfigurationReference = 0347CC1FFE8697786111A0A3 /* Pods-TAGoodsDetailBusinessCategoryTests.debug.xcconfig */;
			buildSettings = {
				BUNDLE_LOADER = "$(TEST_HOST)";
				INFOPLIST_FILE = TAGoodsDetailBusinessCategoryTests/Info.plist;
				LD_RUNPATH_SEARCH_PATHS = "$(inherited) @executable_path/Frameworks @loader_path/Frameworks";
				PRODUCT_BUNDLE_IDENTIFIER = BS.TAGoodsDetailBusinessCategoryTests;
				PRODUCT_NAME = "$(TARGET_NAME)";
				TEST_HOST = "$(BUILT_PRODUCTS_DIR)/TAGoodsDetailBusinessCategory.app/TAGoodsDetailBusinessCategory";
			};
			name = Debug;
		};
		90C7B4A81E0FA9B80039B030 /* Release */ = {
			isa = XCBuildConfiguration;
			baseConfigurationReference = 8BCDBCE5AEC47C80C711D2C2 /* Pods-TAGoodsDetailBusinessCategoryTests.release.xcconfig */;
			buildSettings = {
				BUNDLE_LOADER = "$(TEST_HOST)";
				INFOPLIST_FILE = TAGoodsDetailBusinessCategoryTests/Info.plist;
				LD_RUNPATH_SEARCH_PATHS = "$(inherited) @executable_path/Frameworks @loader_path/Frameworks";
				PRODUCT_BUNDLE_IDENTIFIER = BS.TAGoodsDetailBusinessCategoryTests;
				PRODUCT_NAME = "$(TARGET_NAME)";
				TEST_HOST = "$(BUILT_PRODUCTS_DIR)/TAGoodsDetailBusinessCategory.app/TAGoodsDetailBusinessCategory";
			};
			name = Release;
		};
		90C7B4AA1E0FA9B80039B030 /* Debug */ = {
			isa = XCBuildConfiguration;
			baseConfigurationReference = B981B6F9C9BBE5A5E66FF70C /* Pods-TAGoodsDetailBusinessCategoryUITests.debug.xcconfig */;
			buildSettings = {
				INFOPLIST_FILE = TAGoodsDetailBusinessCategoryUITests/Info.plist;
				LD_RUNPATH_SEARCH_PATHS = "$(inherited) @executable_path/Frameworks @loader_path/Frameworks";
				PRODUCT_BUNDLE_IDENTIFIER = BS.TAGoodsDetailBusinessCategoryUITests;
				PRODUCT_NAME = "$(TARGET_NAME)";
				TEST_TARGET_NAME = TAGoodsDetailBusinessCategory;
			};
			name = Debug;
		};
		90C7B4AB1E0FA9B80039B030 /* Release */ = {
			isa = XCBuildConfiguration;
			baseConfigurationReference = C1F4DFD5D445F2CF6CD7FEC1 /* Pods-TAGoodsDetailBusinessCategoryUITests.release.xcconfig */;
			buildSettings = {
				INFOPLIST_FILE = TAGoodsDetailBusinessCategoryUITests/Info.plist;
				LD_RUNPATH_SEARCH_PATHS = "$(inherited) @executable_path/Frameworks @loader_path/Frameworks";
				PRODUCT_BUNDLE_IDENTIFIER = BS.TAGoodsDetailBusinessCategoryUITests;
				PRODUCT_NAME = "$(TARGET_NAME)";
				TEST_TARGET_NAME = TAGoodsDetailBusinessCategory;
			};
			name = Release;
		};
/* End XCBuildConfiguration section */

/* Begin XCConfigurationList section */
		90C7B4711E0FA9B80039B030 /* Build configuration list for PBXProject "TAGoodsDetailBusinessCategory" */ = {
			isa = XCConfigurationList;
			buildConfigurations = (
				90C7B4A11E0FA9B80039B030 /* Debug */,
				90C7B4A21E0FA9B80039B030 /* Release */,
			);
			defaultConfigurationIsVisible = 0;
			defaultConfigurationName = Release;
		};
		90C7B4A31E0FA9B80039B030 /* Build configuration list for PBXNativeTarget "TAGoodsDetailBusinessCategory" */ = {
			isa = XCConfigurationList;
			buildConfigurations = (
				90C7B4A41E0FA9B80039B030 /* Debug */,
				90C7B4A51E0FA9B80039B030 /* Release */,
			);
			defaultConfigurationIsVisible = 0;
			defaultConfigurationName = Release;
		};
		90C7B4A61E0FA9B80039B030 /* Build configuration list for PBXNativeTarget "TAGoodsDetailBusinessCategoryTests" */ = {
			isa = XCConfigurationList;
			buildConfigurations = (
				90C7B4A71E0FA9B80039B030 /* Debug */,
				90C7B4A81E0FA9B80039B030 /* Release */,
			);
			defaultConfigurationIsVisible = 0;
			defaultConfigurationName = Release;
		};
		90C7B4A91E0FA9B80039B030 /* Build configuration list for PBXNativeTarget "TAGoodsDetailBusinessCategoryUITests" */ = {
			isa = XCConfigurationList;
			buildConfigurations = (
				90C7B4AA1E0FA9B80039B030 /* Debug */,
				90C7B4AB1E0FA9B80039B030 /* Release */,
			);
			defaultConfigurationIsVisible = 0;
			defaultConfigurationName = Release;
		};
/* End XCConfigurationList section */
	};
	rootObject = 90C7B46E1E0FA9B80039B030 /* Project object */;
}
